
Microsoft Visual Studio Solution File, Format Version 12.00
# Visual Studio Version 17
VisualStudioVersion = 17.4.33205.214
MinimumVisualStudioVersion = 10.0.40219.1
Project("{9A19103F-16F7-4668-BE54-9A1E7A4F7556}") = "AbstractFactory", "AbstractFactory\AbstractFactory.csproj", "{83FA6081-C52E-4557-805E-9AA685F5BBD2}"
EndProject
Project("{9A19103F-16F7-4668-BE54-9A1E7A4F7556}") = "FactoryMethod", "FactoryMethod\FactoryMethod.csproj", "{1891FFA9-808C-4C81-BD3F-F3B1B6F2830D}"
EndProject
Project("{9A19103F-16F7-4668-BE54-9A1E7A4F7556}") = "Singleton", "Singleton\Singleton.csproj", "{FE8AA359-06E8-46A9-B7F6-857B1742559E}"
EndProject
Project("{9A19103F-16F7-4668-BE54-9A1E7A4F7556}") = "Builder", "Builder\Builder.csproj", "{4FA05B94-0466-41C9-AF53-0D0CFABECE2F}"
EndProject
Project("{9A19103F-16F7-4668-BE54-9A1E7A4F7556}") = "Prototype", "Prototype\Prototype.csproj", "{1CCCDFA2-70AC-42D7-A4E4-4FF2B5741D23}"
EndProject
Project("{FAE04EC0-301F-11D3-BF4B-00C04F79EFBC}") = "Adapter", "Adapter\Adapter.csproj", "{DB3FE3BB-03AB-4A2A-8034-5FC936FCBF3B}"
EndProject
Project("{FAE04EC0-301F-11D3-BF4B-00C04F79EFBC}") = "Flyweight", "Flyweight\Flyweight.csproj", "{EB8EF7EE-5A21-4D9E-BFA7-12EB8BC08CDE}"
EndProject
Global
	GlobalSection(SolutionConfigurationPlatforms) = preSolution
		Debug|Any CPU = Debug|Any CPU
		Release|Any CPU = Release|Any CPU
	EndGlobalSection
	GlobalSection(ProjectConfigurationPlatforms) = postSolution
		{83FA6081-C52E-4557-805E-9AA685F5BBD2}.Debug|Any CPU.ActiveCfg = Debug|Any CPU
		{83FA6081-C52E-4557-805E-9AA685F5BBD2}.Debug|Any CPU.Build.0 = Debug|Any CPU
		{83FA6081-C52E-4557-805E-9AA685F5BBD2}.Release|Any CPU.ActiveCfg = Release|Any CPU
		{83FA6081-C52E-4557-805E-9AA685F5BBD2}.Release|Any CPU.Build.0 = Release|Any CPU
		{1891FFA9-808C-4C81-BD3F-F3B1B6F2830D}.Debug|Any CPU.ActiveCfg = Debug|Any CPU
		{1891FFA9-808C-4C81-BD3F-F3B1B6F2830D}.Debug|Any CPU.Build.0 = Debug|Any CPU
		{1891FFA9-808C-4C81-BD3F-F3B1B6F2830D}.Release|Any CPU.ActiveCfg = Release|Any CPU
		{1891FFA9-808C-4C81-BD3F-F3B1B6F2830D}.Release|Any CPU.Build.0 = Release|Any CPU
		{FE8AA359-06E8-46A9-B7F6-857B1742559E}.Debug|Any CPU.ActiveCfg = Debug|Any CPU
		{FE8AA359-06E8-46A9-B7F6-857B1742559E}.Debug|Any CPU.Build.0 = Debug|Any CPU
		{FE8AA359-06E8-46A9-B7F6-857B1742559E}.Release|Any CPU.ActiveCfg = Release|Any CPU
		{FE8AA359-06E8-46A9-B7F6-857B1742559E}.Release|Any CPU.Build.0 = Release|Any CPU
		{4FA05B94-0466-41C9-AF53-0D0CFABECE2F}.Debug|Any CPU.ActiveCfg = Debug|Any CPU
		{4FA05B94-0466-41C9-AF53-0D0CFABECE2F}.Debug|Any CPU.Build.0 = Debug|Any CPU
		{4FA05B94-0466-41C9-AF53-0D0CFABECE2F}.Release|Any CPU.ActiveCfg = Release|Any CPU
		{4FA05B94-0466-41C9-AF53-0D0CFABECE2F}.Release|Any CPU.Build.0 = Release|Any CPU
		{1CCCDFA2-70AC-42D7-A4E4-4FF2B5741D23}.Debug|Any CPU.ActiveCfg = Debug|Any CPU
		{1CCCDFA2-70AC-42D7-A4E4-4FF2B5741D23}.Debug|Any CPU.Build.0 = Debug|Any CPU
		{1CCCDFA2-70AC-42D7-A4E4-4FF2B5741D23}.Release|Any CPU.ActiveCfg = Release|Any CPU
		{1CCCDFA2-70AC-42D7-A4E4-4FF2B5741D23}.Release|Any CPU.Build.0 = Release|Any CPU
		{DB3FE3BB-03AB-4A2A-8034-5FC936FCBF3B}.Debug|Any CPU.ActiveCfg = Debug|Any CPU
		{DB3FE3BB-03AB-4A2A-8034-5FC936FCBF3B}.Debug|Any CPU.Build.0 = Debug|Any CPU
		{DB3FE3BB-03AB-4A2A-8034-5FC936FCBF3B}.Release|Any CPU.ActiveCfg = Release|Any CPU
		{DB3FE3BB-03AB-4A2A-8034-5FC936FCBF3B}.Release|Any CPU.Build.0 = Release|Any CPU
		{EB8EF7EE-5A21-4D9E-BFA7-12EB8BC08CDE}.Debug|Any CPU.ActiveCfg = Debug|Any CPU
		{EB8EF7EE-5A21-4D9E-BFA7-12EB8BC08CDE}.Debug|Any CPU.Build.0 = Debug|Any CPU
		{EB8EF7EE-5A21-4D9E-BFA7-12EB8BC08CDE}.Release|Any CPU.ActiveCfg = Release|Any CPU
		{EB8EF7EE-5A21-4D9E-BFA7-12EB8BC08CDE}.Release|Any CPU.Build.0 = Release|Any CPU
	EndGlobalSection
	GlobalSection(SolutionProperties) = preSolution
		HideSolutionNode = FALSE
	EndGlobalSection
	GlobalSection(ExtensibilityGlobals) = postSolution
		SolutionGuid = {46B02028-0754-402C-B433-1743654BC140}
	EndGlobalSection
EndGlobal
